
Microsoft Visual Studio Solution File, Format Version 12.00
# Visual Studio Version 17
VisualStudioVersion = 17.6.33712.159
MinimumVisualStudioVersion = 10.0.40219.1
Project("{FAE04EC0-301F-11D3-BF4B-00C04F79EFBC}") = "kp_task6", "kp_task6\kp_task6.csproj", "{CC85E708-9CB0-40DE-A01A-87CCA565FD2E}"
EndProject
Global
	GlobalSection(SolutionConfigurationPlatforms) = preSolution
		Debug|Any CPU = Debug|Any CPU
		Release|Any CPU = Release|Any CPU
	EndGlobalSection
	GlobalSection(ProjectConfigurationPlatforms) = postSolution
		{CC85E708-9CB0-40DE-A01A-87CCA565FD2E}.Debug|Any CPU.ActiveCfg = Debug|Any CPU
		{CC85E708-9CB0-40DE-A01A-87CCA565FD2E}.Debug|Any CPU.Build.0 = Debug|Any CPU
		{CC85E708-9CB0-40DE-A01A-87CCA565FD2E}.Release|Any CPU.ActiveCfg = Release|Any CPU
		{CC85E708-9CB0-40DE-A01A-87CCA565FD2E}.Release|Any CPU.Build.0 = Release|Any CPU
	EndGlobalSection
	GlobalSection(SolutionProperties) = preSolution
		HideSolutionNode = FALSE
	EndGlobalSection
	GlobalSection(ExtensibilityGlobals) = postSolution
		SolutionGuid = {CFA5F0F9-B4A9-4BE0-BA6C-E159DD0F48C8}
	EndGlobalSection
EndGlobal
